
Microsoft Visual Studio Solution File, Format Version 12.00
# Visual Studio Version 16
VisualStudioVersion = 16.0.32228.343
MinimumVisualStudioVersion = 10.0.40219.1
Project("{9A19103F-16F7-4668-BE54-9A1E7A4F7556}") = "ACLClient", "ACLClient\ACLClient.csproj", "{FAB88800-B1FA-416D-B5C6-B2A8BA637500}"
EndProject
Global
	GlobalSection(SolutionConfigurationPlatforms) = preSolution
		Debug|Any CPU = Debug|Any CPU
		Release|Any CPU = Release|Any CPU
	EndGlobalSection
	GlobalSection(ProjectConfigurationPlatforms) = postSolution
		{FAB88800-B1FA-416D-B5C6-B2A8BA637500}.Debug|Any CPU.ActiveCfg = Debug|Any CPU
		{FAB88800-B1FA-416D-B5C6-B2A8BA637500}.Debug|Any CPU.Build.0 = Debug|Any CPU
		{FAB88800-B1FA-416D-B5C6-B2A8BA637500}.Release|Any CPU.ActiveCfg = Release|Any CPU
		{FAB88800-B1FA-416D-B5C6-B2A8BA637500}.Release|Any CPU.Build.0 = Release|Any CPU
	EndGlobalSection
	GlobalSection(SolutionProperties) = preSolution
		HideSolutionNode = FALSE
	EndGlobalSection
	GlobalSection(ExtensibilityGlobals) = postSolution
		SolutionGuid = {A7920B9F-B14D-433E-8738-0BF9D63274B6}
	EndGlobalSection
EndGlobal
